// !$*UTF8*$!
{
	archiveVersion = 1;
	classes = {
	};
	objectVersion = 50;
	objects = {

/* Begin PBXBuildFile section */
		938EA38B2821567000AD78B5 /* AppDelegate.swift in Sources */ = {isa = PBXBuildFile; fileRef = 938EA38A2821567000AD78B5 /* AppDelegate.swift */; };
		938EA38D2821567000AD78B5 /* SceneDelegate.swift in Sources */ = {isa = PBXBuildFile; fileRef = 938EA38C2821567000AD78B5 /* SceneDelegate.swift */; };
		938EA38F2821567000AD78B5 /* ViewController.swift in Sources */ = {isa = PBXBuildFile; fileRef = 938EA38E2821567000AD78B5 /* ViewController.swift */; };
		938EA3922821567000AD78B5 /* Main.storyboard in Resources */ = {isa = PBXBuildFile; fileRef = 938EA3902821567000AD78B5 /* Main.storyboard */; };
		938EA3952821567000AD78B5 /* test_digio.xcdatamodeld in Sources */ = {isa = PBXBuildFile; fileRef = 938EA3932821567000AD78B5 /* test_digio.xcdatamodeld */; };
		938EA3972821567200AD78B5 /* Assets.xcassets in Resources */ = {isa = PBXBuildFile; fileRef = 938EA3962821567200AD78B5 /* Assets.xcassets */; };
		938EA39A2821567200AD78B5 /* LaunchScreen.storyboard in Resources */ = {isa = PBXBuildFile; fileRef = 938EA3982821567200AD78B5 /* LaunchScreen.storyboard */; };
		938EA3A52821567200AD78B5 /* test_digioTests.swift in Sources */ = {isa = PBXBuildFile; fileRef = 938EA3A42821567200AD78B5 /* test_digioTests.swift */; };
		938EA3B02821567200AD78B5 /* test_digioUITests.swift in Sources */ = {isa = PBXBuildFile; fileRef = 938EA3AF2821567200AD78B5 /* test_digioUITests.swift */; };
/* End PBXBuildFile section */

/* Begin PBXContainerItemProxy section */
		938EA3A12821567200AD78B5 /* PBXContainerItemProxy */ = {
			isa = PBXContainerItemProxy;
			containerPortal = 938EA37F2821567000AD78B5 /* Project object */;
			proxyType = 1;
			remoteGlobalIDString = 938EA3862821567000AD78B5;
			remoteInfo = test_digio;
		};
		938EA3AC2821567200AD78B5 /* PBXContainerItemProxy */ = {
			isa = PBXContainerItemProxy;
			containerPortal = 938EA37F2821567000AD78B5 /* Project object */;
			proxyType = 1;
			remoteGlobalIDString = 938EA3862821567000AD78B5;
			remoteInfo = test_digio;
		};
/* End PBXContainerItemProxy section */

/* Begin PBXFileReference section */
		938EA3872821567000AD78B5 /* test_digio.app */ = {isa = PBXFileReference; explicitFileType = wrapper.application; includeInIndex = 0; path = test_digio.app; sourceTree = BUILT_PRODUCTS_DIR; };
		938EA38A2821567000AD78B5 /* AppDelegate.swift */ = {isa = PBXFileReference; lastKnownFileType = sourcecode.swift; path = AppDelegate.swift; sourceTree = "<group>"; };
		938EA38C2821567000AD78B5 /* SceneDelegate.swift */ = {isa = PBXFileReference; lastKnownFileType = sourcecode.swift; path = SceneDelegate.swift; sourceTree = "<group>"; };
		938EA38E2821567000AD78B5 /* ViewController.swift */ = {isa = PBXFileReference; lastKnownFileType = sourcecode.swift; path = ViewController.swift; sourceTree = "<group>"; };
		938EA3912821567000AD78B5 /* Base */ = {isa = PBXFileReference; lastKnownFileType = file.storyboard; name = Base; path = Base.lproj/Main.storyboard; sourceTree = "<group>"; };
		938EA3942821567000AD78B5 /* test_digio.xcdatamodel */ = {isa = PBXFileReference; lastKnownFileType = wrapper.xcdatamodel; path = test_digio.xcdatamodel; sourceTree = "<group>"; };
		938EA3962821567200AD78B5 /* Assets.xcassets */ = {isa = PBXFileReference; lastKnownFileType = folder.assetcatalog; path = Assets.xcassets; sourceTree = "<group>"; };
		938EA3992821567200AD78B5 /* Base */ = {isa = PBXFileReference; lastKnownFileType = file.storyboard; name = Base; path = Base.lproj/LaunchScreen.storyboard; sourceTree = "<group>"; };
		938EA39B2821567200AD78B5 /* Info.plist */ = {isa = PBXFileReference; lastKnownFileType = text.plist.xml; path = Info.plist; sourceTree = "<group>"; };
		938EA3A02821567200AD78B5 /* test_digioTests.xctest */ = {isa = PBXFileReference; explicitFileType = wrapper.cfbundle; includeInIndex = 0; path = test_digioTests.xctest; sourceTree = BUILT_PRODUCTS_DIR; };
		938EA3A42821567200AD78B5 /* test_digioTests.swift */ = {isa = PBXFileReference; lastKnownFileType = sourcecode.swift; path = test_digioTests.swift; sourceTree = "<group>"; };
		938EA3A62821567200AD78B5 /* Info.plist */ = {isa = PBXFileReference; lastKnownFileType = text.plist.xml; path = Info.plist; sourceTree = "<group>"; };
		938EA3AB2821567200AD78B5 /* test_digioUITests.xctest */ = {isa = PBXFileReference; explicitFileType = wrapper.cfbundle; includeInIndex = 0; path = test_digioUITests.xctest; sourceTree = BUILT_PRODUCTS_DIR; };
		938EA3AF2821567200AD78B5 /* test_digioUITests.swift */ = {isa = PBXFileReference; lastKnownFileType = sourcecode.swift; path = test_digioUITests.swift; sourceTree = "<group>"; };
		938EA3B12821567200AD78B5 /* Info.plist */ = {isa = PBXFileReference; lastKnownFileType = text.plist.xml; path = Info.plist; sourceTree = "<group>"; };
/* End PBXFileReference section */

/* Begin PBXFrameworksBuildPhase section */
		938EA3842821567000AD78B5 /* Frameworks */ = {
			isa = PBXFrameworksBuildPhase;
			buildActionMask = 2147483647;
			files = (
			);
			runOnlyForDeploymentPostprocessing = 0;
		};
		938EA39D2821567200AD78B5 /* Frameworks */ = {
			isa = PBXFrameworksBuildPhase;
			buildActionMask = 2147483647;
			files = (
			);
			runOnlyForDeploymentPostprocessing = 0;
		};
		938EA3A82821567200AD78B5 /* Frameworks */ = {
			isa = PBXFrameworksBuildPhase;
			buildActionMask = 2147483647;
			files = (
			);
			runOnlyForDeploymentPostprocessing = 0;
		};
/* End PBXFrameworksBuildPhase section */

/* Begin PBXGroup section */
		938EA37E2821567000AD78B5 = {
			isa = PBXGroup;
			children = (
				938EA3892821567000AD78B5 /* test_digio */,
				938EA3A32821567200AD78B5 /* test_digioTests */,
				938EA3AE2821567200AD78B5 /* test_digioUITests */,
				938EA3882821567000AD78B5 /* Products */,
			);
			sourceTree = "<group>";
		};
		938EA3882821567000AD78B5 /* Products */ = {
			isa = PBXGroup;
			children = (
				938EA3872821567000AD78B5 /* test_digio.app */,
				938EA3A02821567200AD78B5 /* test_digioTests.xctest */,
				938EA3AB2821567200AD78B5 /* test_digioUITests.xctest */,
			);
			name = Products;
			sourceTree = "<group>";
		};
		938EA3892821567000AD78B5 /* test_digio */ = {
			isa = PBXGroup;
			children = (
				938EA38A2821567000AD78B5 /* AppDelegate.swift */,
				938EA38C2821567000AD78B5 /* SceneDelegate.swift */,
				938EA38E2821567000AD78B5 /* ViewController.swift */,
				938EA3902821567000AD78B5 /* Main.storyboard */,
				938EA3962821567200AD78B5 /* Assets.xcassets */,
				938EA3982821567200AD78B5 /* LaunchScreen.storyboard */,
				938EA39B2821567200AD78B5 /* Info.plist */,
				938EA3932821567000AD78B5 /* test_digio.xcdatamodeld */,
			);
			path = test_digio;
			sourceTree = "<group>";
		};
		938EA3A32821567200AD78B5 /* test_digioTests */ = {
			isa = PBXGroup;
			children = (
				938EA3A42821567200AD78B5 /* test_digioTests.swift */,
				938EA3A62821567200AD78B5 /* Info.plist */,
			);
			path = test_digioTests;
			sourceTree = "<group>";
		};
		938EA3AE2821567200AD78B5 /* test_digioUITests */ = {
			isa = PBXGroup;
			children = (
				938EA3AF2821567200AD78B5 /* test_digioUITests.swift */,
				938EA3B12821567200AD78B5 /* Info.plist */,
			);
			path = test_digioUITests;
			sourceTree = "<group>";
		};
/* End PBXGroup section */

/* Begin PBXNativeTarget section */
		938EA3862821567000AD78B5 /* test_digio */ = {
			isa = PBXNativeTarget;
			buildConfigurationList = 938EA3B42821567200AD78B5 /* Build configuration list for PBXNativeTarget "test_digio" */;
			buildPhases = (
				938EA3832821567000AD78B5 /* Sources */,
				938EA3842821567000AD78B5 /* Frameworks */,
				938EA3852821567000AD78B5 /* Resources */,
			);
			buildRules = (
			);
			dependencies = (
			);
			name = test_digio;
			productName = test_digio;
			productReference = 938EA3872821567000AD78B5 /* test_digio.app */;
			productType = "com.apple.product-type.application";
		};
		938EA39F2821567200AD78B5 /* test_digioTests */ = {
			isa = PBXNativeTarget;
			buildConfigurationList = 938EA3B72821567200AD78B5 /* Build configuration list for PBXNativeTarget "test_digioTests" */;
			buildPhases = (
				938EA39C2821567200AD78B5 /* Sources */,
				938EA39D2821567200AD78B5 /* Frameworks */,
				938EA39E2821567200AD78B5 /* Resources */,
			);
			buildRules = (
			);
			dependencies = (
				938EA3A22821567200AD78B5 /* PBXTargetDependency */,
			);
			name = test_digioTests;
			productName = test_digioTests;
			productReference = 938EA3A02821567200AD78B5 /* test_digioTests.xctest */;
			productType = "com.apple.product-type.bundle.unit-test";
		};
		938EA3AA2821567200AD78B5 /* test_digioUITests */ = {
			isa = PBXNativeTarget;
			buildConfigurationList = 938EA3BA2821567200AD78B5 /* Build configuration list for PBXNativeTarget "test_digioUITests" */;
			buildPhases = (
				938EA3A72821567200AD78B5 /* Sources */,
				938EA3A82821567200AD78B5 /* Frameworks */,
				938EA3A92821567200AD78B5 /* Resources */,
			);
			buildRules = (
			);
			dependencies = (
				938EA3AD2821567200AD78B5 /* PBXTargetDependency */,
			);
			name = test_digioUITests;
			productName = test_digioUITests;
			productReference = 938EA3AB2821567200AD78B5 /* test_digioUITests.xctest */;
			productType = "com.apple.product-type.bundle.ui-testing";
		};
/* End PBXNativeTarget section */

/* Begin PBXProject section */
		938EA37F2821567000AD78B5 /* Project object */ = {
			isa = PBXProject;
			attributes = {
				LastSwiftUpdateCheck = 1250;
				LastUpgradeCheck = 1250;
				TargetAttributes = {
					938EA3862821567000AD78B5 = {
						CreatedOnToolsVersion = 12.5.1;
					};
					938EA39F2821567200AD78B5 = {
						CreatedOnToolsVersion = 12.5.1;
						TestTargetID = 938EA3862821567000AD78B5;
					};
					938EA3AA2821567200AD78B5 = {
						CreatedOnToolsVersion = 12.5.1;
						TestTargetID = 938EA3862821567000AD78B5;
					};
				};
			};
			buildConfigurationList = 938EA3822821567000AD78B5 /* Build configuration list for PBXProject "test_digio" */;
			compatibilityVersion = "Xcode 9.3";
			developmentRegion = en;
			hasScannedForEncodings = 0;
			knownRegions = (
				en,
				Base,
			);
			mainGroup = 938EA37E2821567000AD78B5;
			productRefGroup = 938EA3882821567000AD78B5 /* Products */;
			projectDirPath = "";
			projectRoot = "";
			targets = (
				938EA3862821567000AD78B5 /* test_digio */,
				938EA39F2821567200AD78B5 /* test_digioTests */,
				938EA3AA2821567200AD78B5 /* test_digioUITests */,
			);
		};
/* End PBXProject section */

/* Begin PBXResourcesBuildPhase section */
		938EA3852821567000AD78B5 /* Resources */ = {
			isa = PBXResourcesBuildPhase;
			buildActionMask = 2147483647;
			files = (
				938EA39A2821567200AD78B5 /* LaunchScreen.storyboard in Resources */,
				938EA3972821567200AD78B5 /* Assets.xcassets in Resources */,
				938EA3922821567000AD78B5 /* Main.storyboard in Resources */,
			);
			runOnlyForDeploymentPostprocessing = 0;
		};
		938EA39E2821567200AD78B5 /* Resources */ = {
			isa = PBXResourcesBuildPhase;
			buildActionMask = 2147483647;
			files = (
			);
			runOnlyForDeploymentPostprocessing = 0;
		};
		938EA3A92821567200AD78B5 /* Resources */ = {
			isa = PBXResourcesBuildPhase;
			buildActionMask = 2147483647;
			files = (
			);
			runOnlyForDeploymentPostprocessing = 0;
		};
/* End PBXResourcesBuildPhase section */

/* Begin PBXSourcesBuildPhase section */
		938EA3832821567000AD78B5 /* Sources */ = {
			isa = PBXSourcesBuildPhase;
			buildActionMask = 2147483647;
			files = (
				938EA38F2821567000AD78B5 /* ViewController.swift in Sources */,
				938EA38B2821567000AD78B5 /* AppDelegate.swift in Sources */,
				938EA3952821567000AD78B5 /* test_digio.xcdatamodeld in Sources */,
				938EA38D2821567000AD78B5 /* SceneDelegate.swift in Sources */,
			);
			runOnlyForDeploymentPostprocessing = 0;
		};
		938EA39C2821567200AD78B5 /* Sources */ = {
			isa = PBXSourcesBuildPhase;
			buildActionMask = 2147483647;
			files = (
				938EA3A52821567200AD78B5 /* test_digioTests.swift in Sources */,
			);
			runOnlyForDeploymentPostprocessing = 0;
		};
		938EA3A72821567200AD78B5 /* Sources */ = {
			isa = PBXSourcesBuildPhase;
			buildActionMask = 2147483647;
			files = (
				938EA3B02821567200AD78B5 /* test_digioUITests.swift in Sources */,
			);
			runOnlyForDeploymentPostprocessing = 0;
		};
/* End PBXSourcesBuildPhase section */

/* Begin PBXTargetDependency section */
		938EA3A22821567200AD78B5 /* PBXTargetDependency */ = {
			isa = PBXTargetDependency;
			target = 938EA3862821567000AD78B5 /* test_digio */;
			targetProxy = 938EA3A12821567200AD78B5 /* PBXContainerItemProxy */;
		};
		938EA3AD2821567200AD78B5 /* PBXTargetDependency */ = {
			isa = PBXTargetDependency;
			target = 938EA3862821567000AD78B5 /* test_digio */;
			targetProxy = 938EA3AC2821567200AD78B5 /* PBXContainerItemProxy */;
		};
/* End PBXTargetDependency section */

/* Begin PBXVariantGroup section */
		938EA3902821567000AD78B5 /* Main.storyboard */ = {
			isa = PBXVariantGroup;
			children = (
				938EA3912821567000AD78B5 /* Base */,
			);
			name = Main.storyboard;
			sourceTree = "<group>";
		};
		938EA3982821567200AD78B5 /* LaunchScreen.storyboard */ = {
			isa = PBXVariantGroup;
			children = (
				938EA3992821567200AD78B5 /* Base */,
			);
			name = LaunchScreen.storyboard;
			sourceTree = "<group>";
		};
/* End PBXVariantGroup section */

/* Begin XCBuildConfiguration section */
		938EA3B22821567200AD78B5 /* Debug */ = {
			isa = XCBuildConfiguration;
			buildSettings = {
				ALWAYS_SEARCH_USER_PATHS = NO;
				CLANG_ANALYZER_NONNULL = YES;
				CLANG_ANALYZER_NUMBER_OBJECT_CONVERSION = YES_AGGRESSIVE;
				CLANG_CXX_LANGUAGE_STANDARD = "gnu++14";
				CLANG_CXX_LIBRARY = "libc++";
				CLANG_ENABLE_MODULES = YES;
				CLANG_ENABLE_OBJC_ARC = YES;
				CLANG_ENABLE_OBJC_WEAK = YES;
				CLANG_WARN_BLOCK_CAPTURE_AUTORELEASING = YES;
				CLANG_WARN_BOOL_CONVERSION = YES;
				CLANG_WARN_COMMA = YES;
				CLANG_WARN_CONSTANT_CONVERSION = YES;
				CLANG_WARN_DEPRECATED_OBJC_IMPLEMENTATIONS = YES;
				CLANG_WARN_DIRECT_OBJC_ISA_USAGE = YES_ERROR;
				CLANG_WARN_DOCUMENTATION_COMMENTS = YES;
				CLANG_WARN_EMPTY_BODY = YES;
				CLANG_WARN_ENUM_CONVERSION = YES;
				CLANG_WARN_INFINITE_RECURSION = YES;
				CLANG_WARN_INT_CONVERSION = YES;
				CLANG_WARN_NON_LITERAL_NULL_CONVERSION = YES;
				CLANG_WARN_OBJC_IMPLICIT_RETAIN_SELF = YES;
				CLANG_WARN_OBJC_LITERAL_CONVERSION = YES;
				CLANG_WARN_OBJC_ROOT_CLASS = YES_ERROR;
				CLANG_WARN_QUOTED_INCLUDE_IN_FRAMEWORK_HEADER = YES;
				CLANG_WARN_RANGE_LOOP_ANALYSIS = YES;
				CLANG_WARN_STRICT_PROTOTYPES = YES;
				CLANG_WARN_SUSPICIOUS_MOVE = YES;
				CLANG_WARN_UNGUARDED_AVAILABILITY = YES_AGGRESSIVE;
				CLANG_WARN_UNREACHABLE_CODE = YES;
				CLANG_WARN__DUPLICATE_METHOD_MATCH = YES;
				COPY_PHASE_STRIP = NO;
				DEBUG_INFORMATION_FORMAT = dwarf;
				ENABLE_STRICT_OBJC_MSGSEND = YES;
				ENABLE_TESTABILITY = YES;
				GCC_C_LANGUAGE_STANDARD = gnu11;
				GCC_DYNAMIC_NO_PIC = NO;
				GCC_NO_COMMON_BLOCKS = YES;
				GCC_OPTIMIZATION_LEVEL = 0;
				GCC_PREPROCESSOR_DEFINITIONS = (
					"DEBUG=1",
					"$(inherited)",
				);
				GCC_WARN_64_TO_32_BIT_CONVERSION = YES;
				GCC_WARN_ABOUT_RETURN_TYPE = YES_ERROR;
				GCC_WARN_UNDECLARED_SELECTOR = YES;
				GCC_WARN_UNINITIALIZED_AUTOS = YES_AGGRESSIVE;
				GCC_WARN_UNUSED_FUNCTION = YES;
				GCC_WARN_UNUSED_VARIABLE = YES;
				IPHONEOS_DEPLOYMENT_TARGET = 14.5;
				MTL_ENABLE_DEBUG_INFO = INCLUDE_SOURCE;
				MTL_FAST_MATH = YES;
				ONLY_ACTIVE_ARCH = YES;
				SDKROOT = iphoneos;
				SWIFT_ACTIVE_COMPILATION_CONDITIONS = DEBUG;
				SWIFT_OPTIMIZATION_LEVEL = "-Onone";
			};
			name = Debug;
		};
		938EA3B32821567200AD78B5 /* Release */ = {
			isa = XCBuildConfiguration;
			buildSettings = {
				ALWAYS_SEARCH_USER_PATHS = NO;
				CLANG_ANALYZER_NONNULL = YES;
				CLANG_ANALYZER_NUMBER_OBJECT_CONVERSION = YES_AGGRESSIVE;
				CLANG_CXX_LANGUAGE_STANDARD = "gnu++14";
				CLANG_CXX_LIBRARY = "libc++";
				CLANG_ENABLE_MODULES = YES;
				CLANG_ENABLE_OBJC_ARC = YES;
				CLANG_ENABLE_OBJC_WEAK = YES;
				CLANG_WARN_BLOCK_CAPTURE_AUTORELEASING = YES;
				CLANG_WARN_BOOL_CONVERSION = YES;
				CLANG_WARN_COMMA = YES;
				CLANG_WARN_CONSTANT_CONVERSION = YES;
				CLANG_WARN_DEPRECATED_OBJC_IMPLEMENTATIONS = YES;
				CLANG_WARN_DIRECT_OBJC_ISA_USAGE = YES_ERROR;
				CLANG_WARN_DOCUMENTATION_COMMENTS = YES;
				CLANG_WARN_EMPTY_BODY = YES;
				CLANG_WARN_ENUM_CONVERSION = YES;
				CLANG_WARN_INFINITE_RECURSION = YES;
				CLANG_WARN_INT_CONVERSION = YES;
				CLANG_WARN_NON_LITERAL_NULL_CONVERSION = YES;
				CLANG_WARN_OBJC_IMPLICIT_RETAIN_SELF = YES;
				CLANG_WARN_OBJC_LITERAL_CONVERSION = YES;
				CLANG_WARN_OBJC_ROOT_CLASS = YES_ERROR;
				CLANG_WARN_QUOTED_INCLUDE_IN_FRAMEWORK_HEADER = YES;
				CLANG_WARN_RANGE_LOOP_ANALYSIS = YES;
				CLANG_WARN_STRICT_PROTOTYPES = YES;
				CLANG_WARN_SUSPICIOUS_MOVE = YES;
				CLANG_WARN_UNGUARDED_AVAILABILITY = YES_AGGRESSIVE;
				CLANG_WARN_UNREACHABLE_CODE = YES;
				CLANG_WARN__DUPLICATE_METHOD_MATCH = YES;
				COPY_PHASE_STRIP = NO;
				DEBUG_INFORMATION_FORMAT = "dwarf-with-dsym";
				ENABLE_NS_ASSERTIONS = NO;
				ENABLE_STRICT_OBJC_MSGSEND = YES;
				GCC_C_LANGUAGE_STANDARD = gnu11;
				GCC_NO_COMMON_BLOCKS = YES;
				GCC_WARN_64_TO_32_BIT_CONVERSION = YES;
				GCC_WARN_ABOUT_RETURN_TYPE = YES_ERROR;
				GCC_WARN_UNDECLARED_SELECTOR = YES;
				GCC_WARN_UNINITIALIZED_AUTOS = YES_AGGRESSIVE;
				GCC_WARN_UNUSED_FUNCTION = YES;
				GCC_WARN_UNUSED_VARIABLE = YES;
				IPHONEOS_DEPLOYMENT_TARGET = 14.5;
				MTL_ENABLE_DEBUG_INFO = NO;
				MTL_FAST_MATH = YES;
				SDKROOT = iphoneos;
				SWIFT_COMPILATION_MODE = wholemodule;
				SWIFT_OPTIMIZATION_LEVEL = "-O";
				VALIDATE_PRODUCT = YES;
			};
			name = Release;
		};
		938EA3B52821567200AD78B5 /* Debug */ = {
			isa = XCBuildConfiguration;
			buildSettings = {
				ASSETCATALOG_COMPILER_APPICON_NAME = AppIcon;
				ASSETCATALOG_COMPILER_GLOBAL_ACCENT_COLOR_NAME = AccentColor;
				CODE_SIGN_STYLE = Automatic;
				DEVELOPMENT_TEAM = M3CQ93J3WS;
				INFOPLIST_FILE = test_digio/Info.plist;
				LD_RUNPATH_SEARCH_PATHS = (
					"$(inherited)",
					"@executable_path/Frameworks",
				);
				PRODUCT_BUNDLE_IDENTIFIER = "leocompiler.test-digio";
				PRODUCT_NAME = "$(TARGET_NAME)";
				SWIFT_VERSION = 5.0;
				TARGETED_DEVICE_FAMILY = "1,2";
			};
			name = Debug;
		};
		938EA3B62821567200AD78B5 /* Release */ = {
			isa = XCBuildConfiguration;
			buildSettings = {
				ASSETCATALOG_COMPILER_APPICON_NAME = AppIcon;
				ASSETCATALOG_COMPILER_GLOBAL_ACCENT_COLOR_NAME = AccentColor;
				CODE_SIGN_STYLE = Automatic;
				DEVELOPMENT_TEAM = M3CQ93J3WS;
				INFOPLIST_FILE = test_digio/Info.plist;
				LD_RUNPATH_SEARCH_PATHS = (
					"$(inherited)",
					"@executable_path/Frameworks",
				);
				PRODUCT_BUNDLE_IDENTIFIER = "leocompiler.test-digio";
				PRODUCT_NAME = "$(TARGET_NAME)";
				SWIFT_VERSION = 5.0;
				TARGETED_DEVICE_FAMILY = "1,2";
			};
			name = Release;
		};
		938EA3B82821567200AD78B5 /* Debug */ = {
			isa = XCBuildConfiguration;
			buildSettings = {
				ALWAYS_EMBED_SWIFT_STANDARD_LIBRARIES = YES;
				BUNDLE_LOADER = "$(TEST_HOST)";
				CODE_SIGN_STYLE = Automatic;
				DEVELOPMENT_TEAM = M3CQ93J3WS;
				INFOPLIST_FILE = test_digioTests/Info.plist;
				IPHONEOS_DEPLOYMENT_TARGET = 14.5;
				LD_RUNPATH_SEARCH_PATHS = (
					"$(inherited)",
					"@executable_path/Frameworks",
					"@loader_path/Frameworks",
				);
				PRODUCT_BUNDLE_IDENTIFIER = "leocompiler.test-digioTests";
				PRODUCT_NAME = "$(TARGET_NAME)";
				SWIFT_VERSION = 5.0;
				TARGETED_DEVICE_FAMILY = "1,2";
				TEST_HOST = "$(BUILT_PRODUCTS_DIR)/test_digio.app/test_digio";
			};
			name = Debug;
		};
		938EA3B92821567200AD78B5 /* Release */ = {
			isa = XCBuildConfiguration;
			buildSettings = {
				ALWAYS_EMBED_SWIFT_STANDARD_LIBRARIES = YES;
				BUNDLE_LOADER = "$(TEST_HOST)";
				CODE_SIGN_STYLE = Automatic;
				DEVELOPMENT_TEAM = M3CQ93J3WS;
				INFOPLIST_FILE = test_digioTests/Info.plist;
				IPHONEOS_DEPLOYMENT_TARGET = 14.5;
				LD_RUNPATH_SEARCH_PATHS = (
					"$(inherited)",
					"@executable_path/Frameworks",
					"@loader_path/Frameworks",
				);
				PRODUCT_BUNDLE_IDENTIFIER = "leocompiler.test-digioTests";
				PRODUCT_NAME = "$(TARGET_NAME)";
				SWIFT_VERSION = 5.0;
				TARGETED_DEVICE_FAMILY = "1,2";
				TEST_HOST = "$(BUILT_PRODUCTS_DIR)/test_digio.app/test_digio";
			};
			name = Release;
		};
		938EA3BB2821567200AD78B5 /* Debug */ = {
			isa = XCBuildConfiguration;
			buildSettings = {
				ALWAYS_EMBED_SWIFT_STANDARD_LIBRARIES = YES;
				CODE_SIGN_STYLE = Automatic;
				DEVELOPMENT_TEAM = M3CQ93J3WS;
				INFOPLIST_FILE = test_digioUITests/Info.plist;
				LD_RUNPATH_SEARCH_PATHS = (
					"$(inherited)",
					"@executable_path/Frameworks",
					"@loader_path/Frameworks",
				);
				PRODUCT_BUNDLE_IDENTIFIER = "leocompiler.test-digioUITests";
				PRODUCT_NAME = "$(TARGET_NAME)";
				SWIFT_VERSION = 5.0;
				TARGETED_DEVICE_FAMILY = "1,2";
				TEST_TARGET_NAME = test_digio;
			};
			name = Debug;
		};
		938EA3BC2821567200AD78B5 /* Release */ = {
			isa = XCBuildConfiguration;
			buildSettings = {
				ALWAYS_EMBED_SWIFT_STANDARD_LIBRARIES = YES;
				CODE_SIGN_STYLE = Automatic;
				DEVELOPMENT_TEAM = M3CQ93J3WS;
				INFOPLIST_FILE = test_digioUITests/Info.plist;
				LD_RUNPATH_SEARCH_PATHS = (
					"$(inherited)",
					"@executable_path/Frameworks",
					"@loader_path/Frameworks",
				);
				PRODUCT_BUNDLE_IDENTIFIER = "leocompiler.test-digioUITests";
				PRODUCT_NAME = "$(TARGET_NAME)";
				SWIFT_VERSION = 5.0;
				TARGETED_DEVICE_FAMILY = "1,2";
				TEST_TARGET_NAME = test_digio;
			};
			name = Release;
		};
/* End XCBuildConfiguration section */

/* Begin XCConfigurationList section */
		938EA3822821567000AD78B5 /* Build configuration list for PBXProject "test_digio" */ = {
			isa = XCConfigurationList;
			buildConfigurations = (
				938EA3B22821567200AD78B5 /* Debug */,
				938EA3B32821567200AD78B5 /* Release */,
			);
			defaultConfigurationIsVisible = 0;
			defaultConfigurationName = Release;
		};
		938EA3B42821567200AD78B5 /* Build configuration list for PBXNativeTarget "test_digio" */ = {
			isa = XCConfigurationList;
			buildConfigurations = (
				938EA3B52821567200AD78B5 /* Debug */,
				938EA3B62821567200AD78B5 /* Release */,
			);
			defaultConfigurationIsVisible = 0;
			defaultConfigurationName = Release;
		};
		938EA3B72821567200AD78B5 /* Build configuration list for PBXNativeTarget "test_digioTests" */ = {
			isa = XCConfigurationList;
			buildConfigurations = (
				938EA3B82821567200AD78B5 /* Debug */,
				938EA3B92821567200AD78B5 /* Release */,
			);
			defaultConfigurationIsVisible = 0;
			defaultConfigurationName = Release;
		};
		938EA3BA2821567200AD78B5 /* Build configuration list for PBXNativeTarget "test_digioUITests" */ = {
			isa = XCConfigurationList;
			buildConfigurations = (
				938EA3BB2821567200AD78B5 /* Debug */,
				938EA3BC2821567200AD78B5 /* Release */,
			);
			defaultConfigurationIsVisible = 0;
			defaultConfigurationName = Release;
		};
/* End XCConfigurationList section */

/* Begin XCVersionGroup section */
		938EA3932821567000AD78B5 /* test_digio.xcdatamodeld */ = {
			isa = XCVersionGroup;
			children = (
				938EA3942821567000AD78B5 /* test_digio.xcdatamodel */,
			);
			currentVersion = 938EA3942821567000AD78B5 /* test_digio.xcdatamodel */;
			path = test_digio.xcdatamodeld;
			sourceTree = "<group>";
			versionGroupType = wrapper.xcdatamodel;
		};
/* End XCVersionGroup section */
	};
	rootObject = 938EA37F2821567000AD78B5 /* Project object */;
}
